{
	"name": "zn-frontend-multi-config",
	"version": "1.0.0",
	"lockfileVersion": 1,
	"requires": true,
	"dependencies": {
		"commander": {
			"version": "2.15.1",
			"resolved": "https://registry.npmjs.org/commander/-/commander-2.15.1.tgz",
			"integrity": "sha512-VlfT9F3V0v+jr4yxPc5gg9s62/fIVWsd2Bk2iD435um1NlGMYdVCq+MjcXnhYq2icNOizHr1kK+5TI6H0Hy0ag==",
			"dev": true
		},
		"concat": {
			"version": "1.0.3",
			"resolved": "https://registry.npmjs.org/concat/-/concat-1.0.3.tgz",
			"integrity": "sha1-QPM1MInWVGdpXLGIa0Xt1jfYzKg=",
			"dev": true,
			"requires": {
				"commander": "2.15.1"
			}
		},
		"source-map": {
			"version": "0.6.1",
			"resolved": "https://registry.npmjs.org/source-map/-/source-map-0.6.1.tgz",
			"integrity": "sha512-UjgapumWlbMhkBgzT7Ykc5YXUT46F0iKu8SGXq0bcwP5dz/h0Plj6enJqjz1Zbq2l5WaqYnrVbwWOWMyF3F47g==",
			"dev": true
		},
		"uglify-js": {
			"version": "3.3.27",
			"resolved": "https://registry.npmjs.org/uglify-js/-/uglify-js-3.3.27.tgz",
			"integrity": "sha512-O94wxMSb3td/TlofkITYvYIlvIVdldvNXDVRekzK13CQZuL37ua4nrdXX0Ro7MapfUVzglRHs0/+imPRUdOghg==",
			"dev": true,
			"requires": {
				"commander": "2.15.1",
				"source-map": "0.6.1"
			}
		}
	}
}
